Microsoft Visual Studio Solution File, Format Version 12.00
# Visual Studio Version 17
VisualStudioVersion = 17.5.2.0
MinimumVisualStudioVersion = 10.0.40219.1
Project("{FAE04EC0-301F-11D3-BF4B-00C04F79EFBC}") = "CircleCylinder", "CircleCylinder.csproj", "{2D1D3698-B277-6C20-A443-BAE08F526916}"
EndProject
Global
	GlobalSection(SolutionConfigurationPlatforms) = preSolution
		Debug|Any CPU = Debug|Any CPU
		Release|Any CPU = Release|Any CPU
	EndGlobalSection
	GlobalSection(ProjectConfigurationPlatforms) = postSolution
		{2D1D3698-B277-6C20-A443-BAE08F526916}.Debug|Any CPU.ActiveCfg = Debug|Any CPU
		{2D1D3698-B277-6C20-A443-BAE08F526916}.Debug|Any CPU.Build.0 = Debug|Any CPU
		{2D1D3698-B277-6C20-A443-BAE08F526916}.Release|Any CPU.ActiveCfg = Release|Any CPU
		{2D1D3698-B277-6C20-A443-BAE08F526916}.Release|Any CPU.Build.0 = Release|Any CPU
	EndGlobalSection
	GlobalSection(SolutionProperties) = preSolution
		HideSolutionNode = FALSE
	EndGlobalSection
	GlobalSection(ExtensibilityGlobals) = postSolution
		SolutionGuid = {A98CAD55-FE70-4C9E-99C9-46AF077A27C4}
	EndGlobalSection
EndGlobal
